
Microsoft Visual Studio Solution File, Format Version 12.00
# Visual Studio Version 16
VisualStudioVersion = 16.0.30413.136
MinimumVisualStudioVersion = 10.0.40219.1
Project("{9A19103F-16F7-4668-BE54-9A1E7A4F7556}") = "CovidTests", "CovidTests\CovidTests.csproj", "{EE8CE8BA-8244-4ABC-8D6C-A8F976006850}"
EndProject
Project("{FAE04EC0-301F-11D3-BF4B-00C04F79EFBC}") = "Cov_sim", "Cov_sim\Cov_sim.csproj", "{6537AD7C-4110-4F31-99AC-25D40C4CC6C7}"
EndProject
Global
	GlobalSection(SolutionConfigurationPlatforms) = preSolution
		Debug|Any CPU = Debug|Any CPU
		Release|Any CPU = Release|Any CPU
	EndGlobalSection
	GlobalSection(ProjectConfigurationPlatforms) = postSolution
		{EE8CE8BA-8244-4ABC-8D6C-A8F976006850}.Debug|Any CPU.ActiveCfg = Debug|Any CPU
		{EE8CE8BA-8244-4ABC-8D6C-A8F976006850}.Debug|Any CPU.Build.0 = Debug|Any CPU
		{EE8CE8BA-8244-4ABC-8D6C-A8F976006850}.Release|Any CPU.ActiveCfg = Release|Any CPU
		{EE8CE8BA-8244-4ABC-8D6C-A8F976006850}.Release|Any CPU.Build.0 = Release|Any CPU
		{6537AD7C-4110-4F31-99AC-25D40C4CC6C7}.Debug|Any CPU.ActiveCfg = Debug|Any CPU
		{6537AD7C-4110-4F31-99AC-25D40C4CC6C7}.Debug|Any CPU.Build.0 = Debug|Any CPU
		{6537AD7C-4110-4F31-99AC-25D40C4CC6C7}.Release|Any CPU.ActiveCfg = Release|Any CPU
		{6537AD7C-4110-4F31-99AC-25D40C4CC6C7}.Release|Any CPU.Build.0 = Release|Any CPU
	EndGlobalSection
	GlobalSection(SolutionProperties) = preSolution
		HideSolutionNode = FALSE
	EndGlobalSection
	GlobalSection(ExtensibilityGlobals) = postSolution
		SolutionGuid = {92BEA8F1-6408-424E-B283-A8CF9D50EEFB}
	EndGlobalSection
EndGlobal
